
Microsoft Visual Studio Solution File, Format Version 12.00
Project("{FAE04EC0-301F-11D3-BF4B-00C04F79EFBC}") = "MediaOrganiser", "MediaOrganiser.csproj", "{DA18CCB7-C888-4008-BA84-61D9CB238A29}"
EndProject
Global
	GlobalSection(SolutionConfigurationPlatforms) = preSolution
		Debug|Any CPU = Debug|Any CPU
		Release|Any CPU = Release|Any CPU
	EndGlobalSection
	GlobalSection(ProjectConfigurationPlatforms) = postSolution
		{DA18CCB7-C888-4008-BA84-61D9CB238A29}.Debug|Any CPU.ActiveCfg = Debug|Any CPU
		{DA18CCB7-C888-4008-BA84-61D9CB238A29}.Debug|Any CPU.Build.0 = Debug|Any CPU
		{DA18CCB7-C888-4008-BA84-61D9CB238A29}.Release|Any CPU.ActiveCfg = Release|Any CPU
		{DA18CCB7-C888-4008-BA84-61D9CB238A29}.Release|Any CPU.Build.0 = Release|Any CPU
	EndGlobalSection
EndGlobal
